// !$*UTF8*$!
{
	archiveVersion = 1;
	classes = {
	};
	objectVersion = 50;
	objects = {

/* Begin PBXBuildFile section */
		209319EAB007BDC042F445B0 /* Pods_todoList.framework in Frameworks */ = {isa = PBXBuildFile; fileRef = 5BF82F97859A40CDE9F11A7D /* Pods_todoList.framework */; };
		E52FE52320905B6200C0ED8C /* SwipeTableViewController.swift in Sources */ = {isa = PBXBuildFile; fileRef = E52FE52220905B6200C0ED8C /* SwipeTableViewController.swift */; };
		E54982A4208DAEDA00C153E1 /* CategoryViewController.swift in Sources */ = {isa = PBXBuildFile; fileRef = E54982A3208DAEDA00C153E1 /* CategoryViewController.swift */; };
		E5D98BB520871D0500D5973E /* AppDelegate.swift in Sources */ = {isa = PBXBuildFile; fileRef = E5D98BB420871D0500D5973E /* AppDelegate.swift */; };
		E5D98BB720871D0500D5973E /* TodoListViewController.swift in Sources */ = {isa = PBXBuildFile; fileRef = E5D98BB620871D0500D5973E /* TodoListViewController.swift */; };
		E5D98BBA20871D0500D5973E /* Main.storyboard in Resources */ = {isa = PBXBuildFile; fileRef = E5D98BB820871D0500D5973E /* Main.storyboard */; };
		E5D98BBD20871D0500D5973E /* todoList.xcdatamodeld in Sources */ = {isa = PBXBuildFile; fileRef = E5D98BBB20871D0500D5973E /* todoList.xcdatamodeld */; };
		E5D98BBF20871D0600D5973E /* Assets.xcassets in Resources */ = {isa = PBXBuildFile; fileRef = E5D98BBE20871D0600D5973E /* Assets.xcassets */; };
		E5D98BC220871D0600D5973E /* LaunchScreen.storyboard in Resources */ = {isa = PBXBuildFile; fileRef = E5D98BC020871D0600D5973E /* LaunchScreen.storyboard */; };
/* End PBXBuildFile section */

/* Begin PBXFileReference section */
		11881013317E6CC66B1F2698 /* Pods-todoList.release.xcconfig */ = {isa = PBXFileReference; includeInIndex = 1; lastKnownFileType = text.xcconfig; name = "Pods-todoList.release.xcconfig"; path = "Pods/Target Support Files/Pods-todoList/Pods-todoList.release.xcconfig"; sourceTree = "<group>"; };
		3D4D0D8B438E6CC310B2E95B /* Pods-todoList.debug.xcconfig */ = {isa = PBXFileReference; includeInIndex = 1; lastKnownFileType = text.xcconfig; name = "Pods-todoList.debug.xcconfig"; path = "Pods/Target Support Files/Pods-todoList/Pods-todoList.debug.xcconfig"; sourceTree = "<group>"; };
		5BF82F97859A40CDE9F11A7D /* Pods_todoList.framework */ = {isa = PBXFileReference; explicitFileType = wrapper.framework; includeInIndex = 0; path = Pods_todoList.framework; sourceTree = BUILT_PRODUCTS_DIR; };
		E52FE52220905B6200C0ED8C /* SwipeTableViewController.swift */ = {isa = PBXFileReference; lastKnownFileType = sourcecode.swift; path = SwipeTableViewController.swift; sourceTree = "<group>"; };
		E54982A3208DAEDA00C153E1 /* CategoryViewController.swift */ = {isa = PBXFileReference; lastKnownFileType = sourcecode.swift; path = CategoryViewController.swift; sourceTree = "<group>"; };
		E5D98BB120871D0500D5973E /* todoList.app */ = {isa = PBXFileReference; explicitFileType = wrapper.application; includeInIndex = 0; path = todoList.app; sourceTree = BUILT_PRODUCTS_DIR; };
		E5D98BB420871D0500D5973E /* AppDelegate.swift */ = {isa = PBXFileReference; lastKnownFileType = sourcecode.swift; path = AppDelegate.swift; sourceTree = "<group>"; };
		E5D98BB620871D0500D5973E /* TodoListViewController.swift */ = {isa = PBXFileReference; lastKnownFileType = sourcecode.swift; path = TodoListViewController.swift; sourceTree = "<group>"; };
		E5D98BB920871D0500D5973E /* Base */ = {isa = PBXFileReference; lastKnownFileType = file.storyboard; name = Base; path = Base.lproj/Main.storyboard; sourceTree = "<group>"; };
		E5D98BBC20871D0500D5973E /* todoList.xcdatamodel */ = {isa = PBXFileReference; lastKnownFileType = wrapper.xcdatamodel; path = todoList.xcdatamodel; sourceTree = "<group>"; };
		E5D98BBE20871D0600D5973E /* Assets.xcassets */ = {isa = PBXFileReference; lastKnownFileType = folder.assetcatalog; path = Assets.xcassets; sourceTree = "<group>"; };
		E5D98BC120871D0600D5973E /* Base */ = {isa = PBXFileReference; lastKnownFileType = file.storyboard; name = Base; path = Base.lproj/LaunchScreen.storyboard; sourceTree = "<group>"; };
		E5D98BC320871D0600D5973E /* Info.plist */ = {isa = PBXFileReference; lastKnownFileType = text.plist.xml; path = Info.plist; sourceTree = "<group>"; };
/* End PBXFileReference section */

/* Begin PBXFrameworksBuildPhase section */
		E5D98BAE20871D0500D5973E /* Frameworks */ = {
			isa = PBXFrameworksBuildPhase;
			buildActionMask = 2147483647;
			files = (
				209319EAB007BDC042F445B0 /* Pods_todoList.framework in Frameworks */,
			);
			runOnlyForDeploymentPostprocessing = 0;
		};
/* End PBXFrameworksBuildPhase section */

/* Begin PBXGroup section */
		00ECC7822C8B420539ED1CF5 /* Frameworks */ = {
			isa = PBXGroup;
			children = (
				5BF82F97859A40CDE9F11A7D /* Pods_todoList.framework */,
			);
			name = Frameworks;
			sourceTree = "<group>";
		};
		E5D98BA820871D0500D5973E = {
			isa = PBXGroup;
			children = (
				E5D98BB320871D0500D5973E /* todoList */,
				E5D98BB220871D0500D5973E /* Products */,
				F18CB35604FAAE5B1A330A8E /* Pods */,
				00ECC7822C8B420539ED1CF5 /* Frameworks */,
			);
			sourceTree = "<group>";
		};
		E5D98BB220871D0500D5973E /* Products */ = {
			isa = PBXGroup;
			children = (
				E5D98BB120871D0500D5973E /* todoList.app */,
			);
			name = Products;
			sourceTree = "<group>";
		};
		E5D98BB320871D0500D5973E /* todoList */ = {
			isa = PBXGroup;
			children = (
				E5D98BB420871D0500D5973E /* AppDelegate.swift */,
				E5D98BCB2087545F00D5973E /* Models */,
				E5D98BCD208754A500D5973E /* Views */,
				E5D98BCC2087546E00D5973E /* Controllers */,
				E5D98BCE208754B800D5973E /* Supporting Files */,
				E5D98BC320871D0600D5973E /* Info.plist */,
			);
			path = todoList;
			sourceTree = "<group>";
		};
		E5D98BCB2087545F00D5973E /* Models */ = {
			isa = PBXGroup;
			children = (
				E5D98BBB20871D0500D5973E /* todoList.xcdatamodeld */,
			);
			path = Models;
			sourceTree = "<group>";
		};
		E5D98BCC2087546E00D5973E /* Controllers */ = {
			isa = PBXGroup;
			children = (
				E54982A3208DAEDA00C153E1 /* CategoryViewController.swift */,
				E5D98BB620871D0500D5973E /* TodoListViewController.swift */,
				E52FE52220905B6200C0ED8C /* SwipeTableViewController.swift */,
			);
			path = Controllers;
			sourceTree = "<group>";
		};
		E5D98BCD208754A500D5973E /* Views */ = {
			isa = PBXGroup;
			children = (
				E5D98BB820871D0500D5973E /* Main.storyboard */,
			);
			path = Views;
			sourceTree = "<group>";
		};
		E5D98BCE208754B800D5973E /* Supporting Files */ = {
			isa = PBXGroup;
			children = (
				E5D98BBE20871D0600D5973E /* Assets.xcassets */,
				E5D98BC020871D0600D5973E /* LaunchScreen.storyboard */,
			);
			path = "Supporting Files";
			sourceTree = "<group>";
		};
		F18CB35604FAAE5B1A330A8E /* Pods */ = {
			isa = PBXGroup;
			children = (
				3D4D0D8B438E6CC310B2E95B /* Pods-todoList.debug.xcconfig */,
				11881013317E6CC66B1F2698 /* Pods-todoList.release.xcconfig */,
			);
			name = Pods;
			sourceTree = "<group>";
		};
/* End PBXGroup section */

/* Begin PBXNativeTarget section */
		E5D98BB020871D0500D5973E /* todoList */ = {
			isa = PBXNativeTarget;
			buildConfigurationList = E5D98BC620871D0600D5973E /* Build configuration list for PBXNativeTarget "todoList" */;
			buildPhases = (
				1DB0D49C78F4DC51CF1A4293 /* [CP] Check Pods Manifest.lock */,
				E5D98BAD20871D0500D5973E /* Sources */,
				E5D98BAE20871D0500D5973E /* Frameworks */,
				E5D98BAF20871D0500D5973E /* Resources */,
				99B5711B950DAFAF4A0124A6 /* [CP] Embed Pods Frameworks */,
			);
			buildRules = (
			);
			dependencies = (
			);
			name = todoList;
			productName = todoList;
			productReference = E5D98BB120871D0500D5973E /* todoList.app */;
			productType = "com.apple.product-type.application";
		};
/* End PBXNativeTarget section */

/* Begin PBXProject section */
		E5D98BA920871D0500D5973E /* Project object */ = {
			isa = PBXProject;
			attributes = {
				LastSwiftUpdateCheck = 0930;
				LastUpgradeCheck = 0930;
				ORGANIZATIONNAME = "dariusz guzowski";
				TargetAttributes = {
					E5D98BB020871D0500D5973E = {
						CreatedOnToolsVersion = 9.3;
					};
				};
			};
			buildConfigurationList = E5D98BAC20871D0500D5973E /* Build configuration list for PBXProject "todoList" */;
			compatibilityVersion = "Xcode 9.3";
			developmentRegion = en;
			hasScannedForEncodings = 0;
			knownRegions = (
				en,
				Base,
			);
			mainGroup = E5D98BA820871D0500D5973E;
			productRefGroup = E5D98BB220871D0500D5973E /* Products */;
			projectDirPath = "";
			projectRoot = "";
			targets = (
				E5D98BB020871D0500D5973E /* todoList */,
			);
		};
/* End PBXProject section */

/* Begin PBXResourcesBuildPhase section */
		E5D98BAF20871D0500D5973E /* Resources */ = {
			isa = PBXResourcesBuildPhase;
			buildActionMask = 2147483647;
			files = (
				E5D98BC220871D0600D5973E /* LaunchScreen.storyboard in Resources */,
				E5D98BBF20871D0600D5973E /* Assets.xcassets in Resources */,
				E5D98BBA20871D0500D5973E /* Main.storyboard in Resources */,
			);
			runOnlyForDeploymentPostprocessing = 0;
		};
/* End PBXResourcesBuildPhase section */

/* Begin PBXShellScriptBuildPhase section */
		1DB0D49C78F4DC51CF1A4293 /* [CP] Check Pods Manifest.lock */ = {
			isa = PBXShellScriptBuildPhase;
			buildActionMask = 2147483647;
			files = (
			);
			inputPaths = (
				"${PODS_PODFILE_DIR_PATH}/Podfile.lock",
				"${PODS_ROOT}/Manifest.lock",
			);
			name = "[CP] Check Pods Manifest.lock";
			outputPaths = (
				"$(DERIVED_FILE_DIR)/Pods-todoList-checkManifestLockResult.txt",
			);
			runOnlyForDeploymentPostprocessing = 0;
			shellPath = /bin/sh;
			shellScript = "diff \"${PODS_PODFILE_DIR_PATH}/Podfile.lock\" \"${PODS_ROOT}/Manifest.lock\" > /dev/null\nif [ $? != 0 ] ; then\n    # print error to STDERR\n    echo \"error: The sandbox is not in sync with the Podfile.lock. Run 'pod install' or update your CocoaPods installation.\" >&2\n    exit 1\nfi\n# This output is used by Xcode 'outputs' to avoid re-running this script phase.\necho \"SUCCESS\" > \"${SCRIPT_OUTPUT_FILE_0}\"\n";
			showEnvVarsInLog = 0;
		};
		99B5711B950DAFAF4A0124A6 /* [CP] Embed Pods Frameworks */ = {
			isa = PBXShellScriptBuildPhase;
			buildActionMask = 2147483647;
			files = (
			);
			inputPaths = (
				"${SRCROOT}/Pods/Target Support Files/Pods-todoList/Pods-todoList-frameworks.sh",
				"${BUILT_PRODUCTS_DIR}/ChameleonFramework/ChameleonFramework.framework",
				"${BUILT_PRODUCTS_DIR}/SwipeCellKit/SwipeCellKit.framework",
			);
			name = "[CP] Embed Pods Frameworks";
			outputPaths = (
				"${TARGET_BUILD_DIR}/${FRAMEWORKS_FOLDER_PATH}/ChameleonFramework.framework",
				"${TARGET_BUILD_DIR}/${FRAMEWORKS_FOLDER_PATH}/SwipeCellKit.framework",
			);
			runOnlyForDeploymentPostprocessing = 0;
			shellPath = /bin/sh;
			shellScript = "\"${SRCROOT}/Pods/Target Support Files/Pods-todoList/Pods-todoList-frameworks.sh\"\n";
			showEnvVarsInLog = 0;
		};
/* End PBXShellScriptBuildPhase section */

/* Begin PBXSourcesBuildPhase section */
		E5D98BAD20871D0500D5973E /* Sources */ = {
			isa = PBXSourcesBuildPhase;
			buildActionMask = 2147483647;
			files = (
				E54982A4208DAEDA00C153E1 /* CategoryViewController.swift in Sources */,
				E5D98BB720871D0500D5973E /* TodoListViewController.swift in Sources */,
				E5D98BBD20871D0500D5973E /* todoList.xcdatamodeld in Sources */,
				E5D98BB520871D0500D5973E /* AppDelegate.swift in Sources */,
				E52FE52320905B6200C0ED8C /* SwipeTableViewController.swift in Sources */,
			);
			runOnlyForDeploymentPostprocessing = 0;
		};
/* End PBXSourcesBuildPhase section */

/* Begin PBXVariantGroup section */
		E5D98BB820871D0500D5973E /* Main.storyboard */ = {
			isa = PBXVariantGroup;
			children = (
				E5D98BB920871D0500D5973E /* Base */,
			);
			name = Main.storyboard;
			sourceTree = "<group>";
		};
		E5D98BC020871D0600D5973E /* LaunchScreen.storyboard */ = {
			isa = PBXVariantGroup;
			children = (
				E5D98BC120871D0600D5973E /* Base */,
			);
			name = LaunchScreen.storyboard;
			sourceTree = "<group>";
		};
/* End PBXVariantGroup section */

/* Begin XCBuildConfiguration section */
		E5D98BC420871D0600D5973E /* Debug */ = {
			isa = XCBuildConfiguration;
			buildSettings = {
				ALWAYS_SEARCH_USER_PATHS = NO;
				CLANG_ANALYZER_NONNULL = YES;
				CLANG_ANALYZER_NUMBER_OBJECT_CONVERSION = YES_AGGRESSIVE;
				CLANG_CXX_LANGUAGE_STANDARD = "gnu++14";
				CLANG_CXX_LIBRARY = "libc++";
				CLANG_ENABLE_MODULES = YES;
				CLANG_ENABLE_OBJC_ARC = YES;
				CLANG_ENABLE_OBJC_WEAK = YES;
				CLANG_WARN_BLOCK_CAPTURE_AUTORELEASING = YES;
				CLANG_WARN_BOOL_CONVERSION = YES;
				CLANG_WARN_COMMA = YES;
				CLANG_WARN_CONSTANT_CONVERSION = YES;
				CLANG_WARN_DEPRECATED_OBJC_IMPLEMENTATIONS = YES;
				CLANG_WARN_DIRECT_OBJC_ISA_USAGE = YES_ERROR;
				CLANG_WARN_DOCUMENTATION_COMMENTS = YES;
				CLANG_WARN_EMPTY_BODY = YES;
				CLANG_WARN_ENUM_CONVERSION = YES;
				CLANG_WARN_INFINITE_RECURSION = YES;
				CLANG_WARN_INT_CONVERSION = YES;
				CLANG_WARN_NON_LITERAL_NULL_CONVERSION = YES;
				CLANG_WARN_OBJC_IMPLICIT_RETAIN_SELF = YES;
				CLANG_WARN_OBJC_LITERAL_CONVERSION = YES;
				CLANG_WARN_OBJC_ROOT_CLASS = YES_ERROR;
				CLANG_WARN_RANGE_LOOP_ANALYSIS = YES;
				CLANG_WARN_STRICT_PROTOTYPES = YES;
				CLANG_WARN_SUSPICIOUS_MOVE = YES;
				CLANG_WARN_UNGUARDED_AVAILABILITY = YES_AGGRESSIVE;
				CLANG_WARN_UNREACHABLE_CODE = YES;
				CLANG_WARN__DUPLICATE_METHOD_MATCH = YES;
				CODE_SIGN_IDENTITY = "iPhone Developer";
				COPY_PHASE_STRIP = NO;
				DEBUG_INFORMATION_FORMAT = dwarf;
				ENABLE_STRICT_OBJC_MSGSEND = YES;
				ENABLE_TESTABILITY = YES;
				GCC_C_LANGUAGE_STANDARD = gnu11;
				GCC_DYNAMIC_NO_PIC = NO;
				GCC_NO_COMMON_BLOCKS = YES;
				GCC_OPTIMIZATION_LEVEL = 0;
				GCC_PREPROCESSOR_DEFINITIONS = (
					"DEBUG=1",
					"$(inherited)",
				);
				GCC_WARN_64_TO_32_BIT_CONVERSION = YES;
				GCC_WARN_ABOUT_RETURN_TYPE = YES_ERROR;
				GCC_WARN_UNDECLARED_SELECTOR = YES;
				GCC_WARN_UNINITIALIZED_AUTOS = YES_AGGRESSIVE;
				GCC_WARN_UNUSED_FUNCTION = YES;
				GCC_WARN_UNUSED_VARIABLE = YES;
				IPHONEOS_DEPLOYMENT_TARGET = 11.3;
				MTL_ENABLE_DEBUG_INFO = YES;
				ONLY_ACTIVE_ARCH = YES;
				SDKROOT = iphoneos;
				SWIFT_ACTIVE_COMPILATION_CONDITIONS = DEBUG;
				SWIFT_OPTIMIZATION_LEVEL = "-Onone";
			};
			name = Debug;
		};
		E5D98BC520871D0600D5973E /* Release */ = {
			isa = XCBuildConfiguration;
			buildSettings = {
				ALWAYS_SEARCH_USER_PATHS = NO;
				CLANG_ANALYZER_NONNULL = YES;
				CLANG_ANALYZER_NUMBER_OBJECT_CONVERSION = YES_AGGRESSIVE;
				CLANG_CXX_LANGUAGE_STANDARD = "gnu++14";
				CLANG_CXX_LIBRARY = "libc++";
				CLANG_ENABLE_MODULES = YES;
				CLANG_ENABLE_OBJC_ARC = YES;
				CLANG_ENABLE_OBJC_WEAK = YES;
				CLANG_WARN_BLOCK_CAPTURE_AUTORELEASING = YES;
				CLANG_WARN_BOOL_CONVERSION = YES;
				CLANG_WARN_COMMA = YES;
				CLANG_WARN_CONSTANT_CONVERSION = YES;
				CLANG_WARN_DEPRECATED_OBJC_IMPLEMENTATIONS = YES;
				CLANG_WARN_DIRECT_OBJC_ISA_USAGE = YES_ERROR;
				CLANG_WARN_DOCUMENTATION_COMMENTS = YES;
				CLANG_WARN_EMPTY_BODY = YES;
				CLANG_WARN_ENUM_CONVERSION = YES;
				CLANG_WARN_INFINITE_RECURSION = YES;
				CLANG_WARN_INT_CONVERSION = YES;
				CLANG_WARN_NON_LITERAL_NULL_CONVERSION = YES;
				CLANG_WARN_OBJC_IMPLICIT_RETAIN_SELF = YES;
				CLANG_WARN_OBJC_LITERAL_CONVERSION = YES;
				CLANG_WARN_OBJC_ROOT_CLASS = YES_ERROR;
				CLANG_WARN_RANGE_LOOP_ANALYSIS = YES;
				CLANG_WARN_STRICT_PROTOTYPES = YES;
				CLANG_WARN_SUSPICIOUS_MOVE = YES;
				CLANG_WARN_UNGUARDED_AVAILABILITY = YES_AGGRESSIVE;
				CLANG_WARN_UNREACHABLE_CODE = YES;
				CLANG_WARN__DUPLICATE_METHOD_MATCH = YES;
				CODE_SIGN_IDENTITY = "iPhone Developer";
				COPY_PHASE_STRIP = NO;
				DEBUG_INFORMATION_FORMAT = "dwarf-with-dsym";
				ENABLE_NS_ASSERTIONS = NO;
				ENABLE_STRICT_OBJC_MSGSEND = YES;
				GCC_C_LANGUAGE_STANDARD = gnu11;
				GCC_NO_COMMON_BLOCKS = YES;
				GCC_WARN_64_TO_32_BIT_CONVERSION = YES;
				GCC_WARN_ABOUT_RETURN_TYPE = YES_ERROR;
				GCC_WARN_UNDECLARED_SELECTOR = YES;
				GCC_WARN_UNINITIALIZED_AUTOS = YES_AGGRESSIVE;
				GCC_WARN_UNUSED_FUNCTION = YES;
				GCC_WARN_UNUSED_VARIABLE = YES;
				IPHONEOS_DEPLOYMENT_TARGET = 11.3;
				MTL_ENABLE_DEBUG_INFO = NO;
				SDKROOT = iphoneos;
				SWIFT_COMPILATION_MODE = wholemodule;
				SWIFT_OPTIMIZATION_LEVEL = "-O";
				VALIDATE_PRODUCT = YES;
			};
			name = Release;
		};
		E5D98BC720871D0600D5973E /* Debug */ = {
			isa = XCBuildConfiguration;
			baseConfigurationReference = 3D4D0D8B438E6CC310B2E95B /* Pods-todoList.debug.xcconfig */;
			buildSettings = {
				ASSETCATALOG_COMPILER_APPICON_NAME = AppIcon;
				CODE_SIGN_STYLE = Automatic;
				DEVELOPMENT_TEAM = 9ZLSX4FHBT;
				INFOPLIST_FILE = todoList/Info.plist;
				LD_RUNPATH_SEARCH_PATHS = "$(inherited) @executable_path/Frameworks";
				PRODUCT_BUNDLE_IDENTIFIER = com.example.todoList;
				PRODUCT_NAME = "$(TARGET_NAME)";
				SWIFT_VERSION = 4.0;
				TARGETED_DEVICE_FAMILY = 1;
			};
			name = Debug;
		};
		E5D98BC820871D0600D5973E /* Release */ = {
			isa = XCBuildConfiguration;
			baseConfigurationReference = 11881013317E6CC66B1F2698 /* Pods-todoList.release.xcconfig */;
			buildSettings = {
				ASSETCATALOG_COMPILER_APPICON_NAME = AppIcon;
				CODE_SIGN_STYLE = Automatic;
				DEVELOPMENT_TEAM = 9ZLSX4FHBT;
				INFOPLIST_FILE = todoList/Info.plist;
				LD_RUNPATH_SEARCH_PATHS = "$(inherited) @executable_path/Frameworks";
				PRODUCT_BUNDLE_IDENTIFIER = com.example.todoList;
				PRODUCT_NAME = "$(TARGET_NAME)";
				SWIFT_VERSION = 4.0;
				TARGETED_DEVICE_FAMILY = 1;
			};
			name = Release;
		};
/* End XCBuildConfiguration section */

/* Begin XCConfigurationList section */
		E5D98BAC20871D0500D5973E /* Build configuration list for PBXProject "todoList" */ = {
			isa = XCConfigurationList;
			buildConfigurations = (
				E5D98BC420871D0600D5973E /* Debug */,
				E5D98BC520871D0600D5973E /* Release */,
			);
			defaultConfigurationIsVisible = 0;
			defaultConfigurationName = Release;
		};
		E5D98BC620871D0600D5973E /* Build configuration list for PBXNativeTarget "todoList" */ = {
			isa = XCConfigurationList;
			buildConfigurations = (
				E5D98BC720871D0600D5973E /* Debug */,
				E5D98BC820871D0600D5973E /* Release */,
			);
			defaultConfigurationIsVisible = 0;
			defaultConfigurationName = Release;
		};
/* End XCConfigurationList section */

/* Begin XCVersionGroup section */
		E5D98BBB20871D0500D5973E /* todoList.xcdatamodeld */ = {
			isa = XCVersionGroup;
			children = (
				E5D98BBC20871D0500D5973E /* todoList.xcdatamodel */,
			);
			currentVersion = E5D98BBC20871D0500D5973E /* todoList.xcdatamodel */;
			path = todoList.xcdatamodeld;
			sourceTree = "<group>";
			versionGroupType = wrapper.xcdatamodel;
		};
/* End XCVersionGroup section */
	};
	rootObject = E5D98BA920871D0500D5973E /* Project object */;
}
